
Microsoft Visual Studio Solution File, Format Version 12.00
# Visual Studio Version 16
VisualStudioVersion = 16.0.31424.327
MinimumVisualStudioVersion = 10.0.40219.1
Project("{FAE04EC0-301F-11D3-BF4B-00C04F79EFBC}") = "AnimeAB.Reponsitories", "AnimeAB.Reponsitories\AnimeAB.Reponsitories.csproj", "{05DCA5E8-5EDE-4C7F-A08C-B237C3FA27A4}"
EndProject
Project("{9A19103F-16F7-4668-BE54-9A1E7A4F7556}") = "AnimeAB.Core", "AnimeAB.Core\AnimeAB.Core.csproj", "{CEB582A2-55DA-4563-BB20-60D27CE47F6F}"
EndProject
Global
	GlobalSection(SolutionConfigurationPlatforms) = preSolution
		Debug|Any CPU = Debug|Any CPU
		Release|Any CPU = Release|Any CPU
	EndGlobalSection
	GlobalSection(ProjectConfigurationPlatforms) = postSolution
		{05DCA5E8-5EDE-4C7F-A08C-B237C3FA27A4}.Debug|Any CPU.ActiveCfg = Debug|Any CPU
		{05DCA5E8-5EDE-4C7F-A08C-B237C3FA27A4}.Debug|Any CPU.Build.0 = Debug|Any CPU
		{05DCA5E8-5EDE-4C7F-A08C-B237C3FA27A4}.Release|Any CPU.ActiveCfg = Release|Any CPU
		{05DCA5E8-5EDE-4C7F-A08C-B237C3FA27A4}.Release|Any CPU.Build.0 = Release|Any CPU
		{CEB582A2-55DA-4563-BB20-60D27CE47F6F}.Debug|Any CPU.ActiveCfg = Debug|Any CPU
		{CEB582A2-55DA-4563-BB20-60D27CE47F6F}.Debug|Any CPU.Build.0 = Debug|Any CPU
		{CEB582A2-55DA-4563-BB20-60D27CE47F6F}.Release|Any CPU.ActiveCfg = Release|Any CPU
		{CEB582A2-55DA-4563-BB20-60D27CE47F6F}.Release|Any CPU.Build.0 = Release|Any CPU
	EndGlobalSection
	GlobalSection(SolutionProperties) = preSolution
		HideSolutionNode = FALSE
	EndGlobalSection
	GlobalSection(ExtensibilityGlobals) = postSolution
		SolutionGuid = {B0252028-382F-4C0D-9AE0-4E41F893E981}
	EndGlobalSection
EndGlobal
